
Microsoft Visual Studio Solution File, Format Version 12.00
Project("{FAE04EC0-301F-11D3-BF4B-00C04F79EFBC}") = "Orm-Task2.PL", "Orm-Task2.PL\Orm-Task2.PL.csproj", "{5A588F4E-F048-4E51-9858-315A8AE09F51}"
EndProject
Project("{FAE04EC0-301F-11D3-BF4B-00C04F79EFBC}") = "Orm-Task2.BL", "Orm-Task2.BL\Orm-Task2.BL.csproj", "{4F550012-B091-4987-90D0-8F39ECDE646D}"
	ProjectSection(ProjectDependencies) = postProject
		{80222593-1D53-49E1-AD72-ACA061B4E344} = {80222593-1D53-49E1-AD72-ACA061B4E344}
	EndProjectSection
EndProject
Project("{FAE04EC0-301F-11D3-BF4B-00C04F79EFBC}") = "Orm-Task2.DAL", "Orm-Task2.DAL\Orm-Task2.DAL.csproj", "{80222593-1D53-49E1-AD72-ACA061B4E344}"
EndProject
Project("{FAE04EC0-301F-11D3-BF4B-00C04F79EFBC}") = "Orm-Task2.Core", "Orm-Task2.Core\Orm-Task2.Core.csproj", "{3786D373-7FBB-42E0-9D0A-51704D790632}"
EndProject
Global
	GlobalSection(SolutionConfigurationPlatforms) = preSolution
		Debug|Any CPU = Debug|Any CPU
		Release|Any CPU = Release|Any CPU
	EndGlobalSection
	GlobalSection(ProjectConfigurationPlatforms) = postSolution
		{5A588F4E-F048-4E51-9858-315A8AE09F51}.Debug|Any CPU.ActiveCfg = Debug|Any CPU
		{5A588F4E-F048-4E51-9858-315A8AE09F51}.Debug|Any CPU.Build.0 = Debug|Any CPU
		{5A588F4E-F048-4E51-9858-315A8AE09F51}.Release|Any CPU.ActiveCfg = Release|Any CPU
		{5A588F4E-F048-4E51-9858-315A8AE09F51}.Release|Any CPU.Build.0 = Release|Any CPU
		{4F550012-B091-4987-90D0-8F39ECDE646D}.Debug|Any CPU.ActiveCfg = Debug|Any CPU
		{4F550012-B091-4987-90D0-8F39ECDE646D}.Debug|Any CPU.Build.0 = Debug|Any CPU
		{4F550012-B091-4987-90D0-8F39ECDE646D}.Release|Any CPU.ActiveCfg = Release|Any CPU
		{4F550012-B091-4987-90D0-8F39ECDE646D}.Release|Any CPU.Build.0 = Release|Any CPU
		{80222593-1D53-49E1-AD72-ACA061B4E344}.Debug|Any CPU.ActiveCfg = Debug|Any CPU
		{80222593-1D53-49E1-AD72-ACA061B4E344}.Debug|Any CPU.Build.0 = Debug|Any CPU
		{80222593-1D53-49E1-AD72-ACA061B4E344}.Release|Any CPU.ActiveCfg = Release|Any CPU
		{80222593-1D53-49E1-AD72-ACA061B4E344}.Release|Any CPU.Build.0 = Release|Any CPU
		{3786D373-7FBB-42E0-9D0A-51704D790632}.Debug|Any CPU.ActiveCfg = Debug|Any CPU
		{3786D373-7FBB-42E0-9D0A-51704D790632}.Debug|Any CPU.Build.0 = Debug|Any CPU
		{3786D373-7FBB-42E0-9D0A-51704D790632}.Release|Any CPU.ActiveCfg = Release|Any CPU
		{3786D373-7FBB-42E0-9D0A-51704D790632}.Release|Any CPU.Build.0 = Release|Any CPU
	EndGlobalSection
EndGlobal
